{
  "name": "handshake-prototype",
  "version": "0.0.0",
  "lockfileVersion": 3,
  "requires": true,
  "packages": {
    "": {
      "name": "handshake-prototype",
      "version": "0.0.0",
      "dependencies": {
        "@aws-sdk/client-kms": "^3.1108.0",
        "@aws-sdk/credential-providers": "^3.1108.0",
        "@neondatabase/serverless": "^1.1.0",
        "@vercel/functions": "^3.9.3",
        "@vercel/oidc": "^3.8.4"
      },
      "devDependencies": {
        "@types/node": "22.17.2",
        "typescript": "5.9.3"
      },
      "engines": {
        "node": "22.x"
      }
    },
    "node_modules/@aws-sdk/client-kms": {
      "version": "3.1108.0",
      "resolved": "https://registry.npmjs.org/@aws-sdk/client-kms/-/client-kms-3.1108.0.tgz",
      "integrity": "sha512-MQrpjiQUVkpPyR9b2LwUJVdnwvdRvLnGxPNIk1BOF+2ICw8CMU7Uva0KeBRts1QEIca7rU4fgDHp2TmusjTaYg==",
      "license": "Apache-2.0",
      "dependencies": {
        "@aws-sdk/core": "^3.977.7",
        "@aws-sdk/credential-provider-node": "^3.972.79",
        "@aws-sdk/types": "^3.974.3",
        "@smithy/core": "^3.31.1",
        "@smithy/fetch-http-handler": "^5.6.13",
        "@smithy/node-http-handler": "^4.9.13",
        "@smithy/types": "^4.16.1",
        "tslib": "^2.6.2"
      },
      "engines": {
        "node": ">=20.0.0"
      }
    },
    "node_modules/@aws-sdk/core": {
      "version": "3.977.7",
      "resolved": "https://registry.npmjs.org/@aws-sdk/core/-/core-3.977.7.tgz",
      "integrity": "sha512-I88Iov89NVmjSmJLKSv7Cn9M2J+a2942OkA8nZCbz+sl4ZeY4zEOcoLOrbt1GRfQ8zEQKnjAJdXixA3J/p1fDQ==",
      "license": "Apache-2.0",
      "dependencies": {
        "@aws-sdk/types": "^3.974.3",
        "@aws-sdk/xml-builder": "^3.972.38",
        "@aws/lambda-invoke-store": "^0.3.0",
        "@smithy/core": "^3.31.1",
        "@smithy/signature-v4": "^5.6.12",
        "@smithy/types": "^4.16.1",
        "bowser": "^2.11.0",
        "tslib": "^2.6.2"
      },
      "engines": {
        "node": ">=20.0.0"
      }
    },
    "node_modules/@aws-sdk/credential-provider-cognito-identity": {
      "version": "3.972.67",
      "resolved": "https://registry.npmjs.org/@aws-sdk/credential-provider-cognito-identity/-/credential-provider-cognito-identity-3.972.67.tgz",
      "integrity": "sha512-0NKxn0U3I9qAxou30RlaezVnrhOzCYOkBqBethp8PmHJ7f1dep6AVMQVTrGUchB8bRjubi3MiVVql9+lyDOzBQ==",
      "license": "Apache-2.0",
      "dependencies": {
        "@aws-sdk/nested-clients": "^3.997.42",
        "@aws-sdk/types": "^3.974.3",
        "@smithy/core": "^3.31.1",
        "@smithy/types": "^4.16.1",
        "tslib": "^2.6.2"
      },
      "engines": {
        "node": ">=20.0.0"
      }
    },
    "node_modules/@aws-sdk/credential-provider-env": {
      "version": "3.972.68",
      "resolved": "https://registry.npmjs.org/@aws-sdk/credential-provider-env/-/credential-provider-env-3.972.68.tgz",
      "integrity": "sha512-2a20A/IdNOwUvaDq91iqqS7BA0XlNMfW3iLGZGZLJv0EbUqhSxB0PIx4rQQqssvWj1uXImb3/UCCdHz/+1dOiA==",
      "license": "Apache-2.0",
      "dependencies": {
        "@aws-sdk/core": "^3.977.7",
        "@aws-sdk/types": "^3.974.3",
        "@smithy/core": "^3.31.1",
        "@smithy/types": "^4.16.1",
        "tslib": "^2.6.2"
      },
      "engines": {
        "node": ">=20.0.0"
      }
    },
    "node_modules/@aws-sdk/credential-provider-http": {
      "version": "3.972.70",
      "resolved": "https://registry.npmjs.org/@aws-sdk/credential-provider-http/-/credential-provider-http-3.972.70.tgz",
      "integrity": "sha512-0yRem2Fs52r/Nn6UAqIlpjexfaYj8ziEozOe9tamtAVT/5bzFLKx8O2r7MaRqgS3hGKHIa1Jij9nKHSsNnb04A==",
      "license": "Apache-2.0",
      "dependencies": {
        "@aws-sdk/core": "^3.977.7",
        "@aws-sdk/types": "^3.974.3",
        "@smithy/core": "^3.31.1",
        "@smithy/fetch-http-handler": "^5.6.13",
        "@smithy/node-http-handler": "^4.9.13",
        "@smithy/types": "^4.16.1",
        "tslib": "^2.6.2"
      },
      "engines": {
        "node": ">=20.0.0"
      }
    },
    "node_modules/@aws-sdk/credential-provider-ini": {
      "version": "3.973.13",
      "resolved": "https://registry.npmjs.org/@aws-sdk/credential-provider-ini/-/credential-provider-ini-3.973.13.tgz",
      "integrity": "sha512-2M39DE02XpYYaSWYk/4AsImXYUU/1L2xmTMLUpMMWq7DfLv191/vCRy3baKtdr45AkJQyVgSjmuVOLm15SwrRQ==",
      "license": "Apache-2.0",
      "dependencies": {
        "@aws-sdk/core": "^3.977.7",
        "@aws-sdk/credential-provider-env": "^3.972.68",
        "@aws-sdk/credential-provider-http": "^3.972.70",
        "@aws-sdk/credential-provider-login": "^3.972.75",
        "@aws-sdk/credential-provider-process": "^3.972.68",
        "@aws-sdk/credential-provider-sso": "^3.973.12",
        "@aws-sdk/credential-provider-web-identity": "^3.972.74",
        "@aws-sdk/nested-clients": "^3.997.42",
        "@aws-sdk/types": "^3.974.3",
        "@smithy/core": "^3.31.1",
        "@smithy/credential-provider-imds": "^4.4.16",
        "@smithy/types": "^4.16.1",
        "tslib": "^2.6.2"
      },
      "engines": {
        "node": ">=20.0.0"
      }
    },
    "node_modules/@aws-sdk/credential-provider-login": {
      "version": "3.972.75",
      "resolved": "https://registry.npmjs.org/@aws-sdk/credential-provider-login/-/credential-provider-login-3.972.75.tgz",
      "integrity": "sha512-jaTESuJlQsoUZ44f/i2puyPt8VlF/dMMJ9HM3cStYtk7eKX4N9UWi83OLixUkoOJH3BwWlPLCq9YIK9nfWhVBg==",
      "license": "Apache-2.0",
      "dependencies": {
        "@aws-sdk/core": "^3.977.7",
        "@aws-sdk/nested-clients": "^3.997.42",
        "@aws-sdk/types": "^3.974.3",
        "@smithy/core": "^3.31.1",
        "@smithy/types": "^4.16.1",
        "tslib": "^2.6.2"
      },
      "engines": {
        "node": ">=20.0.0"
      }
    },
    "node_modules/@aws-sdk/credential-provider-node": {
      "version": "3.972.79",
      "resolved": "https://registry.npmjs.org/@aws-sdk/credential-provider-node/-/credential-provider-node-3.972.79.tgz",
      "integrity": "sha512-RIw5dof1EHkWubrZzPC941CDtnFG1iAXsxbFgLkhdYZXHc4icU13c/uxSMI0J5eUx9bxa7LjfpdjfClBB1QsDA==",
      "license": "Apache-2.0",
      "dependencies": {
        "@aws-sdk/credential-provider-env": "^3.972.68",
        "@aws-sdk/credential-provider-http": "^3.972.70",
        "@aws-sdk/credential-provider-ini": "^3.973.13",
        "@aws-sdk/credential-provider-process": "^3.972.68",
        "@aws-sdk/credential-provider-sso": "^3.973.12",
        "@aws-sdk/credential-provider-web-identity": "^3.972.74",
        "@aws-sdk/types": "^3.974.3",
        "@smithy/core": "^3.31.1",
        "@smithy/credential-provider-imds": "^4.4.16",
        "@smithy/types": "^4.16.1",
        "tslib": "^2.6.2"
      },
      "engines": {
        "node": ">=20.0.0"
      }
    },
    "node_modules/@aws-sdk/credential-provider-process": {
      "version": "3.972.68",
      "resolved": "https://registry.npmjs.org/@aws-sdk/credential-provider-process/-/credential-provider-process-3.972.68.tgz",
      "integrity": "sha512-nLP3Pda2MQTFJ25hKBMmUuB9Uv+bTZQNlufbeCwklP549Vwnkd8bRLJoCKp5k6xjmdyptrPrOfGOhN0mKuca8A==",
      "license": "Apache-2.0",
      "dependencies": {
        "@aws-sdk/core": "^3.977.7",
        "@aws-sdk/types": "^3.974.3",
        "@smithy/core": "^3.31.1",
        "@smithy/types": "^4.16.1",
        "tslib": "^2.6.2"
      },
      "engines": {
        "node": ">=20.0.0"
      }
    },
    "node_modules/@aws-sdk/credential-provider-sso": {
      "version": "3.973.12",
      "resolved": "https://registry.npmjs.org/@aws-sdk/credential-provider-sso/-/credential-provider-sso-3.973.12.tgz",
      "integrity": "sha512-EmgyyHn+f9WCcelp3L/vci+LGbX8GigWaVphRArjVo5Pktkr9YnLy/mQ6VDkDyBD72dtfRNTgHmD2ts4rTDXKQ==",
      "license": "Apache-2.0",
      "dependencies": {
        "@aws-sdk/core": "^3.977.7",
        "@aws-sdk/nested-clients": "^3.997.42",
        "@aws-sdk/token-providers": "3.1108.0",
        "@aws-sdk/types": "^3.974.3",
        "@smithy/core": "^3.31.1",
        "@smithy/types": "^4.16.1",
        "tslib": "^2.6.2"
      },
      "engines": {
        "node": ">=20.0.0"
      }
    },
    "node_modules/@aws-sdk/credential-provider-web-identity": {
      "version": "3.972.74",
      "resolved": "https://registry.npmjs.org/@aws-sdk/credential-provider-web-identity/-/credential-provider-web-identity-3.972.74.tgz",
      "integrity": "sha512-0YfczxGXF3RjGj8z7QG/Ho2HnLGKDHfPSHiTs47UU1U/+mmwISDN+rvGKt2zh+3FX8NdT4xd95LGBGyhQw2dgQ==",
      "license": "Apache-2.0",
      "dependencies": {
        "@aws-sdk/core": "^3.977.7",
        "@aws-sdk/nested-clients": "^3.997.42",
        "@aws-sdk/types": "^3.974.3",
        "@smithy/core": "^3.31.1",
        "@smithy/types": "^4.16.1",
        "tslib": "^2.6.2"
      },
      "engines": {
        "node": ">=20.0.0"
      }
    },
    "node_modules/@aws-sdk/credential-providers": {
      "version": "3.1108.0",
      "resolved": "https://registry.npmjs.org/@aws-sdk/credential-providers/-/credential-providers-3.1108.0.tgz",
      "integrity": "sha512-7SqcLftCMe4zWO4yw9R19hp1oX3f8/tf0au+meKVHSrgtDPEWQLjXmqIlIhjSwO5x9PRvA3jzgJxoaEUfkPTBg==",
      "license": "Apache-2.0",
      "dependencies": {
        "@aws-sdk/core": "^3.977.7",
        "@aws-sdk/credential-provider-cognito-identity": "^3.972.67",
        "@aws-sdk/credential-provider-env": "^3.972.68",
        "@aws-sdk/credential-provider-http": "^3.972.70",
        "@aws-sdk/credential-provider-ini": "^3.973.13",
        "@aws-sdk/credential-provider-login": "^3.972.75",
        "@aws-sdk/credential-provider-node": "^3.972.79",
        "@aws-sdk/credential-provider-process": "^3.972.68",
        "@aws-sdk/credential-provider-sso": "^3.973.12",
        "@aws-sdk/credential-provider-web-identity": "^3.972.74",
        "@aws-sdk/nested-clients": "^3.997.42",
        "@aws-sdk/types": "^3.974.3",
        "@smithy/core": "^3.31.1",
        "@smithy/credential-provider-imds": "^4.4.16",
        "@smithy/types": "^4.16.1",
        "tslib": "^2.6.2"
      },
      "engines": {
        "node": ">=20.0.0"
      }
    },
    "node_modules/@aws-sdk/nested-clients": {
      "version": "3.997.42",
      "resolved": "https://registry.npmjs.org/@aws-sdk/nested-clients/-/nested-clients-3.997.42.tgz",
      "integrity": "sha512-XWRyon2MTHXD/zMoo0Mbge6Vwf+iE0qQaM/RyGO6NfZ9WukCFiQL27nQVZjYy2JwSIg+iXZxKOX95OBXqlSM4w==",
      "license": "Apache-2.0",
      "dependencies": {
        "@aws-sdk/core": "^3.977.7",
        "@aws-sdk/signature-v4-multi-region": "^3.996.44",
        "@aws-sdk/types": "^3.974.3",
        "@smithy/core": "^3.31.1",
        "@smithy/fetch-http-handler": "^5.6.13",
        "@smithy/node-http-handler": "^4.9.13",
        "@smithy/types": "^4.16.1",
        "tslib": "^2.6.2"
      },
      "engines": {
        "node": ">=20.0.0"
      }
    },
    "node_modules/@aws-sdk/signature-v4-multi-region": {
      "version": "3.996.44",
      "resolved": "https://registry.npmjs.org/@aws-sdk/signature-v4-multi-region/-/signature-v4-multi-region-3.996.44.tgz",
      "integrity": "sha512-ZSfQ35Qn4MhSY+A0Whyr+KBx+wJKZUyBsOrjB2pSHOafRzbFe47T8XcXM8hZqUAC69qnqIy0C9ArxTuud0CC2w==",
      "license": "Apache-2.0",
      "dependencies": {
        "@aws-sdk/types": "^3.974.3",
        "@smithy/signature-v4": "^5.6.12",
        "@smithy/types": "^4.16.1",
        "tslib": "^2.6.2"
      },
      "engines": {
        "node": ">=20.0.0"
      }
    },
    "node_modules/@aws-sdk/token-providers": {
      "version": "3.1108.0",
      "resolved": "https://registry.npmjs.org/@aws-sdk/token-providers/-/token-providers-3.1108.0.tgz",
      "integrity": "sha512-rI80zxDxGJ6904eC/YbjkdjY6JdaZvQ01kOmrMvw7cFQGIHo27fhnIVbMSVDS4T6foQImjxYSRoOu/uSJscXDw==",
      "license": "Apache-2.0",
      "dependencies": {
        "@aws-sdk/core": "^3.977.7",
        "@aws-sdk/nested-clients": "^3.997.42",
        "@aws-sdk/types": "^3.974.3",
        "@smithy/core": "^3.31.1",
        "@smithy/types": "^4.16.1",
        "tslib": "^2.6.2"
      },
      "engines": {
        "node": ">=20.0.0"
      }
    },
    "node_modules/@aws-sdk/types": {
      "version": "3.974.3",
      "resolved": "https://registry.npmjs.org/@aws-sdk/types/-/types-3.974.3.tgz",
      "integrity": "sha512-ECAqfpNsef+7MO8qtR0h9KcFIBAygaE7Cm6UOiQl+ft+uVap+1G7bNEjs4mdJE2OnA4m6k7i8peH8uGIAsOMGw==",
      "license": "Apache-2.0",
      "dependencies": {
        "@smithy/types": "^4.16.1",
        "tslib": "^2.6.2"
      },
      "engines": {
        "node": ">=20.0.0"
      }
    },
    "node_modules/@aws-sdk/xml-builder": {
      "version": "3.972.38",
      "resolved": "https://registry.npmjs.org/@aws-sdk/xml-builder/-/xml-builder-3.972.38.tgz",
      "integrity": "sha512-grf7mzfVxBS5AlsuTvBN7uDpzqohFww9fRPCO+EBSUdvtsYMcPSKdz54h/7XiscqNcUM1Ae1MF7JLHmiYYuzbQ==",
      "license": "Apache-2.0",
      "dependencies": {
        "@smithy/types": "^4.16.1",
        "tslib": "^2.6.2"
      },
      "engines": {
        "node": ">=20.0.0"
      }
    },
    "node_modules/@aws/lambda-invoke-store": {
      "version": "0.3.0",
      "resolved": "https://registry.npmjs.org/@aws/lambda-invoke-store/-/lambda-invoke-store-0.3.0.tgz",
      "integrity": "sha512-sl4Bm6yiMNYrZKkqqDFWN0UfnWhlS8ivKxrYl+6t0gCLrqr8y3B2IqZZbFRkfaVVp7C/baApyh71P+LeE1A2sQ==",
      "license": "Apache-2.0",
      "engines": {
        "node": ">=18.0.0"
      }
    },
    "node_modules/@neondatabase/serverless": {
      "version": "1.1.0",
      "resolved": "https://registry.npmjs.org/@neondatabase/serverless/-/serverless-1.1.0.tgz",
      "integrity": "sha512-r3ZZhRjEcfEdKIZnoB1RusNgvHuaBRqfCzV4Gi+5A9yUX0S4HTws/ASWqt13wL4y4I+0rqsWGdA2w7EQXHi3+Q==",
      "license": "MIT",
      "engines": {
        "node": ">=19.0.0"
      }
    },
    "node_modules/@smithy/core": {
      "version": "3.32.0",
      "resolved": "https://registry.npmjs.org/@smithy/core/-/core-3.32.0.tgz",
      "integrity": "sha512-NAiCSC78fzbNIEWoheoF74Ob5ZorLijCHpMY26Fqvqg/+9LuyIqMfHDg2p8Yk1rqOyowtiL3y7WX0AW+teL6zw==",
      "license": "Apache-2.0",
      "dependencies": {
        "@smithy/types": "^4.17.0",
        "tslib": "^2.6.2"
      },
      "engines": {
        "node": ">=18.0.0"
      }
    },
    "node_modules/@smithy/credential-provider-imds": {
      "version": "4.5.0",
      "resolved": "https://registry.npmjs.org/@smithy/credential-provider-imds/-/credential-provider-imds-4.5.0.tgz",
      "integrity": "sha512-2jsPi+7Zv2hSzD9IXR9D7DTqSn7mv4XalzRm+bESh53jiaUS3NKEUbpQFTJP0HhQy9qzZvluxQ3yS24zdRrqsA==",
      "license": "Apache-2.0",
      "dependencies": {
        "@smithy/core": "^3.32.0",
        "@smithy/types": "^4.17.0",
        "tslib": "^2.6.2"
      },
      "engines": {
        "node": ">=18.0.0"
      }
    },
    "node_modules/@smithy/fetch-http-handler": {
      "version": "5.7.0",
      "resolved": "https://registry.npmjs.org/@smithy/fetch-http-handler/-/fetch-http-handler-5.7.0.tgz",
      "integrity": "sha512-W/exA8T0LEzCQtJ02w4IzaEQPIspgarqZprb7W8FwnYiDowgCrjl2fTQ6FvuSSUnJORuepBF81abmBJwqh+0XQ==",
      "license": "Apache-2.0",
      "dependencies": {
        "@smithy/core": "^3.32.0",
        "@smithy/types": "^4.17.0",
        "tslib": "^2.6.2"
      },
      "engines": {
        "node": ">=18.0.0"
      }
    },
    "node_modules/@smithy/node-http-handler": {
      "version": "4.10.0",
      "resolved": "https://registry.npmjs.org/@smithy/node-http-handler/-/node-http-handler-4.10.0.tgz",
      "integrity": "sha512-nrh7VxqzPQS/ip1hS293aI/OAWDWARQvjUxCfuKhyrfHa2gTdk28066RNeWLI1uuoHXaKAkOF8IcSAHuOp0+SA==",
      "license": "Apache-2.0",
      "dependencies": {
        "@smithy/core": "^3.32.0",
        "@smithy/types": "^4.17.0",
        "tslib": "^2.6.2"
      },
      "engines": {
        "node": ">=18.0.0"
      }
    },
    "node_modules/@smithy/signature-v4": {
      "version": "5.7.0",
      "resolved": "https://registry.npmjs.org/@smithy/signature-v4/-/signature-v4-5.7.0.tgz",
      "integrity": "sha512-hCynhm22wMJ8wTF9crcwu8mxggtUrSLLJgDcGUvYFBqpofxycYJCGKOMYg4xtPPFtgNiDJSYmhsWLTrcU/g59Q==",
      "license": "Apache-2.0",
      "dependencies": {
        "@smithy/core": "^3.32.0",
        "@smithy/types": "^4.17.0",
        "tslib": "^2.6.2"
      },
      "engines": {
        "node": ">=18.0.0"
      }
    },
    "node_modules/@smithy/types": {
      "version": "4.17.0",
      "resolved": "https://registry.npmjs.org/@smithy/types/-/types-4.17.0.tgz",
      "integrity": "sha512-Aw4joiM0ZdErpo39lCj8phT2lxoiKZV+KZzBxnnQhWVtU2Is/WffQSL04uUWRcXUse9Ln8vXZK6V/FwqRVnQpg==",
      "license": "Apache-2.0",
      "dependencies": {
        "tslib": "^2.6.2"
      },
      "engines": {
        "node": ">=18.0.0"
      }
    },
    "node_modules/@types/node": {
      "version": "22.17.2",
      "resolved": "https://registry.npmjs.org/@types/node/-/node-22.17.2.tgz",
      "integrity": "sha512-gL6z5N9Jm9mhY+U2KXZpteb+09zyffliRkZyZOHODGATyC5B1Jt/7TzuuiLkFsSUMLbS1OLmlj/E+/3KF4Q/4w==",
      "dev": true,
      "license": "MIT",
      "dependencies": {
        "undici-types": "~6.21.0"
      }
    },
    "node_modules/@vercel/cli-config": {
      "version": "0.2.3",
      "resolved": "https://registry.npmjs.org/@vercel/cli-config/-/cli-config-0.2.3.tgz",
      "integrity": "sha512-Ggh0Wmi92TUkUexmSUPkkDtvJmbjUr7IvF5T3FkSsWrXXs3GFzOujfxFpECdJZpux1JG4SWDv9BT4w++TDgD6A==",
      "license": "Apache-2.0",
      "dependencies": {
        "xdg-app-paths": "5",
        "zod": "4.1.11"
      }
    },
    "node_modules/@vercel/cli-exec": {
      "version": "1.0.1",
      "resolved": "https://registry.npmjs.org/@vercel/cli-exec/-/cli-exec-1.0.1.tgz",
      "integrity": "sha512-g9XerViJ/paZujufXYcu5XYI2vU2rtB4sgdpjUHde5RnOkdmpu0ngH46LCFGHoPXO/C+qDPSczIHIRN+8Q2YKQ==",
      "license": "Apache-2.0",
      "dependencies": {
        "execa": "5.1.1"
      },
      "engines": {
        "node": ">= 18"
      }
    },
    "node_modules/@vercel/functions": {
      "version": "3.9.3",
      "resolved": "https://registry.npmjs.org/@vercel/functions/-/functions-3.9.3.tgz",
      "integrity": "sha512-cbzTdASCZDnufrABc8oO00e/FqlqFFSdld+iGZPhrWBDHP4Pu8ESKKYIzASqYvbYYUIWujBvEa5LLCcZzm7WEw==",
      "license": "Apache-2.0",
      "dependencies": {
        "@vercel/oidc": "3.8.4"
      },
      "engines": {
        "node": ">= 20"
      },
      "peerDependencies": {
        "@aws-sdk/credential-provider-web-identity": "*",
        "ws": ">=8"
      },
      "peerDependenciesMeta": {
        "@aws-sdk/credential-provider-web-identity": {
          "optional": true
        },
        "ws": {
          "optional": true
        }
      }
    },
    "node_modules/@vercel/oidc": {
      "version": "3.8.4",
      "resolved": "https://registry.npmjs.org/@vercel/oidc/-/oidc-3.8.4.tgz",
      "integrity": "sha512-FGNvVZ5pgX9FaBqkPt6VkYFZ6bWAMDzYi7nxW+1Xt+Z4fn5PuTULVwsxjKc+0uKhysyWBQmvsmM50Oh6C2/oMA==",
      "license": "Apache-2.0",
      "dependencies": {
        "@vercel/cli-config": "0.2.3",
        "@vercel/cli-exec": "1.0.1",
        "jose": "^5.9.6"
      },
      "engines": {
        "node": ">= 20"
      }
    },
    "node_modules/bowser": {
      "version": "2.14.1",
      "resolved": "https://registry.npmjs.org/bowser/-/bowser-2.14.1.tgz",
      "integrity": "sha512-tzPjzCxygAKWFOJP011oxFHs57HzIhOEracIgAePE4pqB3LikALKnSzUyU4MGs9/iCEUuHlAJTjTc5M+u7YEGg==",
      "license": "MIT"
    },
    "node_modules/cross-spawn": {
      "version": "7.0.6",
      "resolved": "https://registry.npmjs.org/cross-spawn/-/cross-spawn-7.0.6.tgz",
      "integrity": "sha512-uV2QOWP2nWzsy2aMp8aRibhi9dlzF5Hgh5SHaB9OiTGEyDTiJJyx0uy51QXdyWbtAHNua4XJzUKca3OzKUd3vA==",
      "license": "MIT",
      "dependencies": {
        "path-key": "^3.1.0",
        "shebang-command": "^2.0.0",
        "which": "^2.0.1"
      },
      "engines": {
        "node": ">= 8"
      }
    },
    "node_modules/execa": {
      "version": "5.1.1",
      "resolved": "https://registry.npmjs.org/execa/-/execa-5.1.1.tgz",
      "integrity": "sha512-8uSpZZocAZRBAPIEINJj3Lo9HyGitllczc27Eh5YYojjMFMn8yHMDMaUHE2Jqfq05D/wucwI4JGURyXt1vchyg==",
      "license": "MIT",
      "dependencies": {
        "cross-spawn": "^7.0.3",
        "get-stream": "^6.0.0",
        "human-signals": "^2.1.0",
        "is-stream": "^2.0.0",
        "merge-stream": "^2.0.0",
        "npm-run-path": "^4.0.1",
        "onetime": "^5.1.2",
        "signal-exit": "^3.0.3",
        "strip-final-newline": "^2.0.0"
      },
      "engines": {
        "node": ">=10"
      },
      "funding": {
        "url": "https://github.com/sindresorhus/execa?sponsor=1"
      }
    },
    "node_modules/get-stream": {
      "version": "6.0.1",
      "resolved": "https://registry.npmjs.org/get-stream/-/get-stream-6.0.1.tgz",
      "integrity": "sha512-ts6Wi+2j3jQjqi70w5AlN8DFnkSwC+MqmxEzdEALB2qXZYV3X/b1CTfgPLGJNMeAWxdPfU8FO1ms3NUfaHCPYg==",
      "license": "MIT",
      "engines": {
        "node": ">=10"
      },
      "funding": {
        "url": "https://github.com/sponsors/sindresorhus"
      }
    },
    "node_modules/human-signals": {
      "version": "2.1.0",
      "resolved": "https://registry.npmjs.org/human-signals/-/human-signals-2.1.0.tgz",
      "integrity": "sha512-B4FFZ6q/T2jhhksgkbEW3HBvWIfDW85snkQgawt07S7J5QXTk6BkNV+0yAeZrM5QpMAdYlocGoljn0sJ/WQkFw==",
      "license": "Apache-2.0",
      "engines": {
        "node": ">=10.17.0"
      }
    },
    "node_modules/is-stream": {
      "version": "2.0.1",
      "resolved": "https://registry.npmjs.org/is-stream/-/is-stream-2.0.1.tgz",
      "integrity": "sha512-hFoiJiTl63nn+kstHGBtewWSKnQLpyb155KHheA1l39uvtO9nWIop1p3udqPcUd/xbF1VLMO4n7OI6p7RbngDg==",
      "license": "MIT",
      "engines": {
        "node": ">=8"
      },
      "funding": {
        "url": "https://github.com/sponsors/sindresorhus"
      }
    },
    "node_modules/isexe": {
      "version": "2.0.0",
      "resolved": "https://registry.npmjs.org/isexe/-/isexe-2.0.0.tgz",
      "integrity": "sha512-RHxMLp9lnKHGHRng9QFhRCMbYAcVpn69smSGcq3f36xjgVVWThj4qqLbTLlq7Ssj8B+fIQ1EuCEGI2lKsyQeIw==",
      "license": "ISC"
    },
    "node_modules/jose": {
      "version": "5.10.0",
      "resolved": "https://registry.npmjs.org/jose/-/jose-5.10.0.tgz",
      "integrity": "sha512-s+3Al/p9g32Iq+oqXxkW//7jk2Vig6FF1CFqzVXoTUXt2qz89YWbL+OwS17NFYEvxC35n0FKeGO2LGYSxeM2Gg==",
      "license": "MIT",
      "funding": {
        "url": "https://github.com/sponsors/panva"
      }
    },
    "node_modules/merge-stream": {
      "version": "2.0.0",
      "resolved": "https://registry.npmjs.org/merge-stream/-/merge-stream-2.0.0.tgz",
      "integrity": "sha512-abv/qOcuPfk3URPfDzmZU1LKmuw8kT+0nIHvKrKgFrwifol/doWcdA4ZqsWQ8ENrFKkd67Mfpo/LovbIUsbt3w==",
      "license": "MIT"
    },
    "node_modules/mimic-fn": {
      "version": "2.1.0",
      "resolved": "https://registry.npmjs.org/mimic-fn/-/mimic-fn-2.1.0.tgz",
      "integrity": "sha512-OqbOk5oEQeAZ8WXWydlu9HJjz9WVdEIvamMCcXmuqUYjTknH/sqsWvhQ3vgwKFRR1HpjvNBKQ37nbJgYzGqGcg==",
      "license": "MIT",
      "engines": {
        "node": ">=6"
      }
    },
    "node_modules/npm-run-path": {
      "version": "4.0.1",
      "resolved": "https://registry.npmjs.org/npm-run-path/-/npm-run-path-4.0.1.tgz",
      "integrity": "sha512-S48WzZW777zhNIrn7gxOlISNAqi9ZC/uQFnRdbeIHhZhCA6UqpkOT8T1G7BvfdgP4Er8gF4sUbaS0i7QvIfCWw==",
      "license": "MIT",
      "dependencies": {
        "path-key": "^3.0.0"
      },
      "engines": {
        "node": ">=8"
      }
    },
    "node_modules/onetime": {
      "version": "5.1.2",
      "resolved": "https://registry.npmjs.org/onetime/-/onetime-5.1.2.tgz",
      "integrity": "sha512-kbpaSSGJTWdAY5KPVeMOKXSrPtr8C8C7wodJbcsd51jRnmD+GZu8Y0VoU6Dm5Z4vWr0Ig/1NKuWRKf7j5aaYSg==",
      "license": "MIT",
      "dependencies": {
        "mimic-fn": "^2.1.0"
      },
      "engines": {
        "node": ">=6"
      },
      "funding": {
        "url": "https://github.com/sponsors/sindresorhus"
      }
    },
    "node_modules/os-paths": {
      "version": "4.4.0",
      "resolved": "https://registry.npmjs.org/os-paths/-/os-paths-4.4.0.tgz",
      "integrity": "sha512-wrAwOeXp1RRMFfQY8Sy7VaGVmPocaLwSFOYCGKSyo8qmJ+/yaafCl5BCA1IQZWqFSRBrKDYFeR9d/VyQzfH/jg==",
      "license": "MIT",
      "engines": {
        "node": ">= 6.0"
      }
    },
    "node_modules/path-key": {
      "version": "3.1.1",
      "resolved": "https://registry.npmjs.org/path-key/-/path-key-3.1.1.tgz",
      "integrity": "sha512-ojmeN0qd+y0jszEtoY48r0Peq5dwMEkIlCOu6Q5f41lfkswXuKtYrhgoTpLnyIcHm24Uhqx+5Tqm2InSwLhE6Q==",
      "license": "MIT",
      "engines": {
        "node": ">=8"
      }
    },
    "node_modules/shebang-command": {
      "version": "2.0.0",
      "resolved": "https://registry.npmjs.org/shebang-command/-/shebang-command-2.0.0.tgz",
      "integrity": "sha512-kHxr2zZpYtdmrN1qDjrrX/Z1rR1kG8Dx+gkpK1G4eXmvXswmcE1hTWBWYUzlraYw1/yZp6YuDY77YtvbN0dmDA==",
      "license": "MIT",
      "dependencies": {
        "shebang-regex": "^3.0.0"
      },
      "engines": {
        "node": ">=8"
      }
    },
    "node_modules/shebang-regex": {
      "version": "3.0.0",
      "resolved": "https://registry.npmjs.org/shebang-regex/-/shebang-regex-3.0.0.tgz",
      "integrity": "sha512-7++dFhtcx3353uBaq8DDR4NuxBetBzC7ZQOhmTQInHEd6bSrXdiEyzCvG07Z44UYdLShWUyXt5M/yhz8ekcb1A==",
      "license": "MIT",
      "engines": {
        "node": ">=8"
      }
    },
    "node_modules/signal-exit": {
      "version": "3.0.7",
      "resolved": "https://registry.npmjs.org/signal-exit/-/signal-exit-3.0.7.tgz",
      "integrity": "sha512-wnD2ZE+l+SPC/uoS0vXeE9L1+0wuaMqKlfz9AMUo38JsyLSBWSFcHR1Rri62LZc12vLr1gb3jl7iwQhgwpAbGQ==",
      "license": "ISC"
    },
    "node_modules/strip-final-newline": {
      "version": "2.0.0",
      "resolved": "https://registry.npmjs.org/strip-final-newline/-/strip-final-newline-2.0.0.tgz",
      "integrity": "sha512-BrpvfNAE3dcvq7ll3xVumzjKjZQ5tI1sEUIKr3Uoks0XUl45St3FlatVqef9prk4jRDzhW6WZg+3bk93y6pLjA==",
      "license": "MIT",
      "engines": {
        "node": ">=6"
      }
    },
    "node_modules/tslib": {
      "version": "2.8.1",
      "resolved": "https://registry.npmjs.org/tslib/-/tslib-2.8.1.tgz",
      "integrity": "sha512-oJFu94HQb+KVduSUQL7wnpmqnfmLsOA/nAh6b6EH0wCEoK0/mPeXU6c3wKDV83MkOuHPRHtSXKKU99IBazS/2w==",
      "license": "0BSD"
    },
    "node_modules/typescript": {
      "version": "5.9.3",
      "resolved": "https://registry.npmjs.org/typescript/-/typescript-5.9.3.tgz",
      "integrity": "sha512-jl1vZzPDinLr9eUt3J/t7V6FgNEw9QjvBPdysz9KfQDD41fQrC2Y4vKQdiaUpFT4bXlb1RHhLpp8wtm6M5TgSw==",
      "dev": true,
      "license": "Apache-2.0",
      "bin": {
        "tsc": "bin/tsc",
        "tsserver": "bin/tsserver"
      },
      "engines": {
        "node": ">=14.17"
      }
    },
    "node_modules/undici-types": {
      "version": "6.21.0",
      "resolved": "https://registry.npmjs.org/undici-types/-/undici-types-6.21.0.tgz",
      "integrity": "sha512-iwDZqg0QAGrg9Rav5H4n0M64c3mkR59cJ6wQp+7C4nI0gsmExaedaYLNO44eT4AtBBwjbTiGPMlt2Md0T9H9JQ==",
      "dev": true,
      "license": "MIT"
    },
    "node_modules/which": {
      "version": "2.0.2",
      "resolved": "https://registry.npmjs.org/which/-/which-2.0.2.tgz",
      "integrity": "sha512-BLI3Tl1TW3Pvl70l3yq3Y64i+awpwXqsGBYWkkqMtnbXgrMD+yj7rhW0kuEDxzJaYXGjEW5ogapKNMEKNMjibA==",
      "license": "ISC",
      "dependencies": {
        "isexe": "^2.0.0"
      },
      "bin": {
        "node-which": "bin/node-which"
      },
      "engines": {
        "node": ">= 8"
      }
    },
    "node_modules/xdg-app-paths": {
      "version": "5.5.1",
      "resolved": "https://registry.npmjs.org/xdg-app-paths/-/xdg-app-paths-5.5.1.tgz",
      "integrity": "sha512-hI3flOB4PLZIy5prbtTpirobtPE2ZtZ52szO+2mM9Efp6ErM398La+C1lIpNWDfNoQk+6Lsi6nMcCwVB7pxeMQ==",
      "license": "MIT",
      "dependencies": {
        "os-paths": "^4.0.1",
        "xdg-portable": "^7.2.0"
      },
      "engines": {
        "node": ">= 6.0"
      }
    },
    "node_modules/xdg-portable": {
      "version": "7.3.0",
      "resolved": "https://registry.npmjs.org/xdg-portable/-/xdg-portable-7.3.0.tgz",
      "integrity": "sha512-sqMMuL1rc0FmMBOzCpd0yuy9trqF2yTTVe+E9ogwCSWQCdDEtQUwrZPT6AxqtsFGRNxycgncbP/xmOOSPw5ZUw==",
      "license": "MIT",
      "dependencies": {
        "os-paths": "^4.0.1"
      },
      "engines": {
        "node": ">= 6.0"
      }
    },
    "node_modules/zod": {
      "version": "4.1.11",
      "resolved": "https://registry.npmjs.org/zod/-/zod-4.1.11.tgz",
      "integrity": "sha512-WPsqwxITS2tzx1bzhIKsEs19ABD5vmCVa4xBo2tq/SrV4RNZtfws1EnCWQXM6yh8bD08a1idvkB5MZSBiZsjwg==",
      "license": "MIT",
      "funding": {
        "url": "https://github.com/sponsors/colinhacks"
      }
    }
  }
}
